// !$*UTF8*$!
{
	archiveVersion = 1;
	classes = {
	};
	objectVersion = 56;
	objects = {

/* Begin PBXBuildFile section */
		815B61812BF23A4B00FC8BF8 /* PlaceDetailViewController.swift in Sources */ = {isa = PBXBuildFile; fileRef = 815B61802BF23A4B00FC8BF8 /* PlaceDetailViewController.swift */; };
		A52BF8C52C0127D600A0A7B5 /* API_Key.swift in Sources */ = {isa = PBXBuildFile; fileRef = A52BF8C42C0127D600A0A7B5 /* API_Key.swift */; };
		A53846042BEB8BEC008C224E /* AppDelegate.swift in Sources */ = {isa = PBXBuildFile; fileRef = A53846032BEB8BEC008C224E /* AppDelegate.swift */; };
		A53846062BEB8BEC008C224E /* SceneDelegate.swift in Sources */ = {isa = PBXBuildFile; fileRef = A53846052BEB8BEC008C224E /* SceneDelegate.swift */; };
		A53846082BEB8BEC008C224E /* ViewController.swift in Sources */ = {isa = PBXBuildFile; fileRef = A53846072BEB8BEC008C224E /* ViewController.swift */; };
		A538460D2BEB8BEE008C224E /* Assets.xcassets in Resources */ = {isa = PBXBuildFile; fileRef = A538460C2BEB8BEE008C224E /* Assets.xcassets */; };
		A53846102BEB8BEE008C224E /* Base in Resources */ = {isa = PBXBuildFile; fileRef = A538460F2BEB8BEE008C224E /* Base */; };
		A53846242BEB8F98008C224E /* Main.storyboard in Resources */ = {isa = PBXBuildFile; fileRef = A53846232BEB8F98008C224E /* Main.storyboard */; };
		A53846282BEB8FEF008C224E /* LocationSelectionViewController.swift in Sources */ = {isa = PBXBuildFile; fileRef = A53846272BEB8FEF008C224E /* LocationSelectionViewController.swift */; };
		A538462C2BEB904C008C224E /* PlaceListViewController.swift in Sources */ = {isa = PBXBuildFile; fileRef = A538462B2BEB904C008C224E /* PlaceListViewController.swift */; };
		A538462E2BEB90AB008C224E /* PlaceListDetailViewController.swift in Sources */ = {isa = PBXBuildFile; fileRef = A538462D2BEB90AB008C224E /* PlaceListDetailViewController.swift */; };
		A5C0EC632BED094E0081C0C9 /* LocationSelectionView.swift in Sources */ = {isa = PBXBuildFile; fileRef = A5C0EC622BED094E0081C0C9 /* LocationSelectionView.swift */; };
		A5C0EC652BED09930081C0C9 /* CatagoryView.swift in Sources */ = {isa = PBXBuildFile; fileRef = A5C0EC642BED09930081C0C9 /* CatagoryView.swift */; };
		A5C0EC672BED09BD0081C0C9 /* CheckBox.swift in Sources */ = {isa = PBXBuildFile; fileRef = A5C0EC662BED09BD0081C0C9 /* CheckBox.swift */; };
		A5C0EC692BED0A490081C0C9 /* GooglePlaceManager.swift in Sources */ = {isa = PBXBuildFile; fileRef = A5C0EC682BED0A490081C0C9 /* GooglePlaceManager.swift */; };
		A5C0EC6C2BED0A900081C0C9 /* Place.swift in Sources */ = {isa = PBXBuildFile; fileRef = A5C0EC6B2BED0A900081C0C9 /* Place.swift */; };
		A5C0EC6E2BED0ABA0081C0C9 /* Filter.swift in Sources */ = {isa = PBXBuildFile; fileRef = A5C0EC6D2BED0ABA0081C0C9 /* Filter.swift */; };
		A5C0EC702BED0BCA0081C0C9 /* PlaceListViewModel.swift in Sources */ = {isa = PBXBuildFile; fileRef = A5C0EC6F2BED0BCA0081C0C9 /* PlaceListViewModel.swift */; };
		A5C0EC772BED0CAC0081C0C9 /* MapViewModel.swift in Sources */ = {isa = PBXBuildFile; fileRef = A5C0EC762BED0CAC0081C0C9 /* MapViewModel.swift */; };
		A5F61C7B2BFE855500E134C3 /* DirectionAPIModel.swift in Sources */ = {isa = PBXBuildFile; fileRef = A5F61C7A2BFE855500E134C3 /* DirectionAPIModel.swift */; };
		CD3699942BECCB2800AC17D8 /* CoreLocationManager.swift in Sources */ = {isa = PBXBuildFile; fileRef = CD3699932BECCB2800AC17D8 /* CoreLocationManager.swift */; };
		CD3699962BECCB2C00AC17D8 /* ApiManager.swift in Sources */ = {isa = PBXBuildFile; fileRef = CD3699952BECCB2C00AC17D8 /* ApiManager.swift */; };
		CD36999F2BECCB9E00AC17D8 /* SearchTableViewCell.xib in Resources */ = {isa = PBXBuildFile; fileRef = CD36999A2BECCB9E00AC17D8 /* SearchTableViewCell.xib */; };
		CD3699A02BECCB9E00AC17D8 /* SearchTableViewCell.swift in Sources */ = {isa = PBXBuildFile; fileRef = CD36999B2BECCB9E00AC17D8 /* SearchTableViewCell.swift */; };
		CD3699A42BECCDB700AC17D8 /* SearchViewController.swift in Sources */ = {isa = PBXBuildFile; fileRef = CD3699A32BECCDB700AC17D8 /* SearchViewController.swift */; };
		CD3699A62BECCE6300AC17D8 /* MapViewController.swift in Sources */ = {isa = PBXBuildFile; fileRef = CD3699A52BECCE6300AC17D8 /* MapViewController.swift */; };
		CDA12DF52BFF5A09007BAB1D /* SearchPlaceModel.swift in Sources */ = {isa = PBXBuildFile; fileRef = CDA12DF42BFF5A09007BAB1D /* SearchPlaceModel.swift */; };
		CDCF42192BF235EB0091FC53 /* PlaceCell.xib in Resources */ = {isa = PBXBuildFile; fileRef = CDCF42182BF235EB0091FC53 /* PlaceCell.xib */; };
		CDCF421C2BF235F80091FC53 /* PlaceCell.swift in Sources */ = {isa = PBXBuildFile; fileRef = CDCF421B2BF235F80091FC53 /* PlaceCell.swift */; };
/* End PBXBuildFile section */

/* Begin PBXFileReference section */
		1DA49D28BC30D36D983D076E /* Pods-Map-Place-App.release.xcconfig */ = {isa = PBXFileReference; includeInIndex = 1; lastKnownFileType = text.xcconfig; name = "Pods-Map-Place-App.release.xcconfig"; path = "Target Support Files/Pods-Map-Place-App/Pods-Map-Place-App.release.xcconfig"; sourceTree = "<group>"; };
		479065336702A5B8638EA599 /* Pods-Map-Place-App.debug.xcconfig */ = {isa = PBXFileReference; includeInIndex = 1; lastKnownFileType = text.xcconfig; name = "Pods-Map-Place-App.debug.xcconfig"; path = "Target Support Files/Pods-Map-Place-App/Pods-Map-Place-App.debug.xcconfig"; sourceTree = "<group>"; };
		815B61802BF23A4B00FC8BF8 /* PlaceDetailViewController.swift */ = {isa = PBXFileReference; lastKnownFileType = sourcecode.swift; path = PlaceDetailViewController.swift; sourceTree = "<group>"; };
		A52BF8C42C0127D600A0A7B5 /* API_Key.swift */ = {isa = PBXFileReference; lastKnownFileType = sourcecode.swift; path = API_Key.swift; sourceTree = "<group>"; };
		A53846002BEB8BEC008C224E /* Map-Place-App.app */ = {isa = PBXFileReference; explicitFileType = wrapper.application; includeInIndex = 0; path = "Map-Place-App.app"; sourceTree = BUILT_PRODUCTS_DIR; };
		A53846032BEB8BEC008C224E /* AppDelegate.swift */ = {isa = PBXFileReference; lastKnownFileType = sourcecode.swift; path = AppDelegate.swift; sourceTree = "<group>"; };
		A53846052BEB8BEC008C224E /* SceneDelegate.swift */ = {isa = PBXFileReference; lastKnownFileType = sourcecode.swift; path = SceneDelegate.swift; sourceTree = "<group>"; };
		A53846072BEB8BEC008C224E /* ViewController.swift */ = {isa = PBXFileReference; lastKnownFileType = sourcecode.swift; path = ViewController.swift; sourceTree = "<group>"; };
		A538460C2BEB8BEE008C224E /* Assets.xcassets */ = {isa = PBXFileReference; lastKnownFileType = folder.assetcatalog; path = Assets.xcassets; sourceTree = "<group>"; };
		A538460F2BEB8BEE008C224E /* Base */ = {isa = PBXFileReference; lastKnownFileType = file.storyboard; name = Base; path = Base.lproj/LaunchScreen.storyboard; sourceTree = "<group>"; };
		A53846112BEB8BEE008C224E /* Info.plist */ = {isa = PBXFileReference; lastKnownFileType = text.plist.xml; path = Info.plist; sourceTree = "<group>"; };
		A53846232BEB8F98008C224E /* Main.storyboard */ = {isa = PBXFileReference; fileEncoding = 4; lastKnownFileType = file.storyboard; path = Main.storyboard; sourceTree = "<group>"; };
		A53846272BEB8FEF008C224E /* LocationSelectionViewController.swift */ = {isa = PBXFileReference; lastKnownFileType = sourcecode.swift; path = LocationSelectionViewController.swift; sourceTree = "<group>"; };
		A538462B2BEB904C008C224E /* PlaceListViewController.swift */ = {isa = PBXFileReference; lastKnownFileType = sourcecode.swift; path = PlaceListViewController.swift; sourceTree = "<group>"; };
		A538462D2BEB90AB008C224E /* PlaceListDetailViewController.swift */ = {isa = PBXFileReference; lastKnownFileType = sourcecode.swift; path = PlaceListDetailViewController.swift; sourceTree = "<group>"; };
		A5C0EC622BED094E0081C0C9 /* LocationSelectionView.swift */ = {isa = PBXFileReference; lastKnownFileType = sourcecode.swift; path = LocationSelectionView.swift; sourceTree = "<group>"; };
		A5C0EC642BED09930081C0C9 /* CatagoryView.swift */ = {isa = PBXFileReference; lastKnownFileType = sourcecode.swift; path = CatagoryView.swift; sourceTree = "<group>"; };
		A5C0EC662BED09BD0081C0C9 /* CheckBox.swift */ = {isa = PBXFileReference; lastKnownFileType = sourcecode.swift; path = CheckBox.swift; sourceTree = "<group>"; };
		A5C0EC682BED0A490081C0C9 /* GooglePlaceManager.swift */ = {isa = PBXFileReference; lastKnownFileType = sourcecode.swift; path = GooglePlaceManager.swift; sourceTree = "<group>"; };
		A5C0EC6B2BED0A900081C0C9 /* Place.swift */ = {isa = PBXFileReference; lastKnownFileType = sourcecode.swift; path = Place.swift; sourceTree = "<group>"; };
		A5C0EC6D2BED0ABA0081C0C9 /* Filter.swift */ = {isa = PBXFileReference; lastKnownFileType = sourcecode.swift; path = Filter.swift; sourceTree = "<group>"; };
		A5C0EC6F2BED0BCA0081C0C9 /* PlaceListViewModel.swift */ = {isa = PBXFileReference; lastKnownFileType = sourcecode.swift; path = PlaceListViewModel.swift; sourceTree = "<group>"; };
		A5C0EC762BED0CAC0081C0C9 /* MapViewModel.swift */ = {isa = PBXFileReference; lastKnownFileType = sourcecode.swift; path = MapViewModel.swift; sourceTree = "<group>"; };
		A5F61C7A2BFE855500E134C3 /* DirectionAPIModel.swift */ = {isa = PBXFileReference; lastKnownFileType = sourcecode.swift; path = DirectionAPIModel.swift; sourceTree = "<group>"; };
		CD3699932BECCB2800AC17D8 /* CoreLocationManager.swift */ = {isa = PBXFileReference; fileEncoding = 4; lastKnownFileType = sourcecode.swift; path = CoreLocationManager.swift; sourceTree = "<group>"; };
		CD3699952BECCB2C00AC17D8 /* ApiManager.swift */ = {isa = PBXFileReference; fileEncoding = 4; lastKnownFileType = sourcecode.swift; path = ApiManager.swift; sourceTree = "<group>"; };
		CD36999A2BECCB9E00AC17D8 /* SearchTableViewCell.xib */ = {isa = PBXFileReference; fileEncoding = 4; lastKnownFileType = file.xib; path = SearchTableViewCell.xib; sourceTree = "<group>"; };
		CD36999B2BECCB9E00AC17D8 /* SearchTableViewCell.swift */ = {isa = PBXFileReference; fileEncoding = 4; lastKnownFileType = sourcecode.swift; path = SearchTableViewCell.swift; sourceTree = "<group>"; };
		CD3699A32BECCDB700AC17D8 /* SearchViewController.swift */ = {isa = PBXFileReference; fileEncoding = 4; lastKnownFileType = sourcecode.swift; path = SearchViewController.swift; sourceTree = "<group>"; };
		CD3699A52BECCE6300AC17D8 /* MapViewController.swift */ = {isa = PBXFileReference; fileEncoding = 4; lastKnownFileType = sourcecode.swift; path = MapViewController.swift; sourceTree = "<group>"; };
		CDA12DF42BFF5A09007BAB1D /* SearchPlaceModel.swift */ = {isa = PBXFileReference; lastKnownFileType = sourcecode.swift; path = SearchPlaceModel.swift; sourceTree = "<group>"; };
		CDCF42182BF235EB0091FC53 /* PlaceCell.xib */ = {isa = PBXFileReference; fileEncoding = 4; lastKnownFileType = file.xib; path = PlaceCell.xib; sourceTree = "<group>"; };
		CDCF421B2BF235F80091FC53 /* PlaceCell.swift */ = {isa = PBXFileReference; fileEncoding = 4; lastKnownFileType = sourcecode.swift; path = PlaceCell.swift; sourceTree = "<group>"; };
/* End PBXFileReference section */

/* Begin PBXFrameworksBuildPhase section */
		A53845FD2BEB8BEC008C224E /* Frameworks */ = {
			isa = PBXFrameworksBuildPhase;
			buildActionMask = 2147483647;
			files = (
			);
			runOnlyForDeploymentPostprocessing = 0;
		};
/* End PBXFrameworksBuildPhase section */

/* Begin PBXGroup section */
		5013E91CC6DBEB108603BBD1 /* Pods */ = {
			isa = PBXGroup;
			children = (
				479065336702A5B8638EA599 /* Pods-Map-Place-App.debug.xcconfig */,
				1DA49D28BC30D36D983D076E /* Pods-Map-Place-App.release.xcconfig */,
			);
			path = Pods;
			sourceTree = "<group>";
		};
		7320C1649E170C143E4C1C8B /* Frameworks */ = {
			isa = PBXGroup;
			children = (
			);
			name = Frameworks;
			sourceTree = "<group>";
		};
		A506244E2C04C23900F28427 /* Extension */ = {
			isa = PBXGroup;
			children = (
			);
			path = Extension;
			sourceTree = "<group>";
		};
		A53845F72BEB8BEC008C224E = {
			isa = PBXGroup;
			children = (
				A53846022BEB8BEC008C224E /* Map-Place-App */,
				A53846012BEB8BEC008C224E /* Products */,
				5013E91CC6DBEB108603BBD1 /* Pods */,
				7320C1649E170C143E4C1C8B /* Frameworks */,
			);
			sourceTree = "<group>";
		};
		A53846012BEB8BEC008C224E /* Products */ = {
			isa = PBXGroup;
			children = (
				A53846002BEB8BEC008C224E /* Map-Place-App.app */,
			);
			name = Products;
			sourceTree = "<group>";
		};
		A53846022BEB8BEC008C224E /* Map-Place-App */ = {
			isa = PBXGroup;
			children = (
				A506244E2C04C23900F28427 /* Extension */,
				A5C0EC6A2BED0A6B0081C0C9 /* Model */,
				A538461D2BEB8C5C008C224E /* Manager */,
				A538461B2BEB8C47008C224E /* View */,
				A53846192BEB8C35008C224E /* Controller */,
				A538461E2BEB8C82008C224E /* Delegate */,
				A53846172BEB8C03008C224E /* Support */,
			);
			path = "Map-Place-App";
			sourceTree = "<group>";
		};
		A53846172BEB8C03008C224E /* Support */ = {
			isa = PBXGroup;
			children = (
				A538460C2BEB8BEE008C224E /* Assets.xcassets */,
				A53846112BEB8BEE008C224E /* Info.plist */,
				A538460E2BEB8BEE008C224E /* LaunchScreen.storyboard */,
			);
			name = Support;
			sourceTree = "<group>";
		};
		A53846192BEB8C35008C224E /* Controller */ = {
			isa = PBXGroup;
			children = (
				CDCF421A2BF235F80091FC53 /* CellController */,
				A53846222BEB8CD1008C224E /* LocationSelectionView */,
				A53846212BEB8CC7008C224E /* PlaceView */,
				A53846202BEB8CC0008C224E /* SearchView */,
				A538461F2BEB8CA4008C224E /* MapView */,
				A53846072BEB8BEC008C224E /* ViewController.swift */,
			);
			path = Controller;
			sourceTree = "<group>";
		};
		A538461B2BEB8C47008C224E /* View */ = {
			isa = PBXGroup;
			children = (
				CDCF42172BF235EB0091FC53 /* CellViews */,
				A53846232BEB8F98008C224E /* Main.storyboard */,
			);
			path = View;
			sourceTree = "<group>";
		};
		A538461D2BEB8C5C008C224E /* Manager */ = {
			isa = PBXGroup;
			children = (
				CD3699932BECCB2800AC17D8 /* CoreLocationManager.swift */,
				CD3699952BECCB2C00AC17D8 /* ApiManager.swift */,
				A5C0EC682BED0A490081C0C9 /* GooglePlaceManager.swift */,
			);
			path = Manager;
			sourceTree = "<group>";
		};
		A538461E2BEB8C82008C224E /* Delegate */ = {
			isa = PBXGroup;
			children = (
				A53846052BEB8BEC008C224E /* SceneDelegate.swift */,
				A53846032BEB8BEC008C224E /* AppDelegate.swift */,
			);
			path = Delegate;
			sourceTree = "<group>";
		};
		A538461F2BEB8CA4008C224E /* MapView */ = {
			isa = PBXGroup;
			children = (
				CD3699A52BECCE6300AC17D8 /* MapViewController.swift */,
			);
			path = MapView;
			sourceTree = "<group>";
		};
		A53846202BEB8CC0008C224E /* SearchView */ = {
			isa = PBXGroup;
			children = (
				CD3699A32BECCDB700AC17D8 /* SearchViewController.swift */,
				CD36999D2BECCB9E00AC17D8 /* Model */,
				CD3699992BECCB9E00AC17D8 /* View */,
			);
			path = SearchView;
			sourceTree = "<group>";
		};
		A53846212BEB8CC7008C224E /* PlaceView */ = {
			isa = PBXGroup;
			children = (
				A538462B2BEB904C008C224E /* PlaceListViewController.swift */,
				A538462D2BEB90AB008C224E /* PlaceListDetailViewController.swift */,
				815B61802BF23A4B00FC8BF8 /* PlaceDetailViewController.swift */,
			);
			path = PlaceView;
			sourceTree = "<group>";
		};
		A53846222BEB8CD1008C224E /* LocationSelectionView */ = {
			isa = PBXGroup;
			children = (
				A5C0EC612BED09290081C0C9 /* View Cell */,
				A53846272BEB8FEF008C224E /* LocationSelectionViewController.swift */,
			);
			path = LocationSelectionView;
			sourceTree = "<group>";
		};
		A5C0EC612BED09290081C0C9 /* View Cell */ = {
			isa = PBXGroup;
			children = (
				A5C0EC622BED094E0081C0C9 /* LocationSelectionView.swift */,
				A5C0EC642BED09930081C0C9 /* CatagoryView.swift */,
				A5C0EC662BED09BD0081C0C9 /* CheckBox.swift */,
			);
			path = "View Cell";
			sourceTree = "<group>";
		};
		A5C0EC6A2BED0A6B0081C0C9 /* Model */ = {
			isa = PBXGroup;
			children = (
				A5C0EC6F2BED0BCA0081C0C9 /* PlaceListViewModel.swift */,
				A5C0EC6B2BED0A900081C0C9 /* Place.swift */,
				A5C0EC6D2BED0ABA0081C0C9 /* Filter.swift */,
				A5C0EC762BED0CAC0081C0C9 /* MapViewModel.swift */,
				A5F61C7A2BFE855500E134C3 /* DirectionAPIModel.swift */,
				A52BF8C42C0127D600A0A7B5 /* API_Key.swift */,
			);
			path = Model;
			sourceTree = "<group>";
		};
		CD3699992BECCB9E00AC17D8 /* View */ = {
			isa = PBXGroup;
			children = (
				CD36999A2BECCB9E00AC17D8 /* SearchTableViewCell.xib */,
				CD36999B2BECCB9E00AC17D8 /* SearchTableViewCell.swift */,
			);
			path = View;
			sourceTree = "<group>";
		};
		CD36999D2BECCB9E00AC17D8 /* Model */ = {
			isa = PBXGroup;
			children = (
				CDA12DF42BFF5A09007BAB1D /* SearchPlaceModel.swift */,
			);
			path = Model;
			sourceTree = "<group>";
		};
		CDCF42172BF235EB0091FC53 /* CellViews */ = {
			isa = PBXGroup;
			children = (
				CDCF42182BF235EB0091FC53 /* PlaceCell.xib */,
			);
			path = CellViews;
			sourceTree = "<group>";
		};
		CDCF421A2BF235F80091FC53 /* CellController */ = {
			isa = PBXGroup;
			children = (
				CDCF421B2BF235F80091FC53 /* PlaceCell.swift */,
			);
			path = CellController;
			sourceTree = "<group>";
		};
/* End PBXGroup section */

/* Begin PBXNativeTarget section */
		A53845FF2BEB8BEC008C224E /* Map-Place-App */ = {
			isa = PBXNativeTarget;
			buildConfigurationList = A53846142BEB8BEE008C224E /* Build configuration list for PBXNativeTarget "Map-Place-App" */;
			buildPhases = (
				1554F9353E1125959A6ECD4D /* [CP] Check Pods Manifest.lock */,
				A53845FC2BEB8BEC008C224E /* Sources */,
				A53845FD2BEB8BEC008C224E /* Frameworks */,
				A53845FE2BEB8BEC008C224E /* Resources */,
				F1A4CCA9708CFB19286643BE /* [CP] Copy Pods Resources */,
			);
			buildRules = (
			);
			dependencies = (
			);
			name = "Map-Place-App";
			productName = "Map-Place-App";
			productReference = A53846002BEB8BEC008C224E /* Map-Place-App.app */;
			productType = "com.apple.product-type.application";
		};
/* End PBXNativeTarget section */

/* Begin PBXProject section */
		A53845F82BEB8BEC008C224E /* Project object */ = {
			isa = PBXProject;
			attributes = {
				BuildIndependentTargetsInParallel = 1;
				LastSwiftUpdateCheck = 1530;
				LastUpgradeCheck = 1530;
				TargetAttributes = {
					A53845FF2BEB8BEC008C224E = {
						CreatedOnToolsVersion = 15.3;
					};
				};
			};
			buildConfigurationList = A53845FB2BEB8BEC008C224E /* Build configuration list for PBXProject "Map-Place-App" */;
			compatibilityVersion = "Xcode 14.0";
			developmentRegion = en;
			hasScannedForEncodings = 0;
			knownRegions = (
				en,
				Base,
			);
			mainGroup = A53845F72BEB8BEC008C224E;
			packageReferences = (
				CDD416AC2BFE0811000CD6B0 /* XCRemoteSwiftPackageReference "Kingfisher" */,
			);
			productRefGroup = A53846012BEB8BEC008C224E /* Products */;
			projectDirPath = "";
			projectRoot = "";
			targets = (
				A53845FF2BEB8BEC008C224E /* Map-Place-App */,
			);
		};
/* End PBXProject section */

/* Begin PBXResourcesBuildPhase section */
		A53845FE2BEB8BEC008C224E /* Resources */ = {
			isa = PBXResourcesBuildPhase;
			buildActionMask = 2147483647;
			files = (
				A53846242BEB8F98008C224E /* Main.storyboard in Resources */,
				CD36999F2BECCB9E00AC17D8 /* SearchTableViewCell.xib in Resources */,
				A538460D2BEB8BEE008C224E /* Assets.xcassets in Resources */,
				CDCF42192BF235EB0091FC53 /* PlaceCell.xib in Resources */,
				A53846102BEB8BEE008C224E /* Base in Resources */,
			);
			runOnlyForDeploymentPostprocessing = 0;
		};
/* End PBXResourcesBuildPhase section */

/* Begin PBXShellScriptBuildPhase section */
		1554F9353E1125959A6ECD4D /* [CP] Check Pods Manifest.lock */ = {
			isa = PBXShellScriptBuildPhase;
			buildActionMask = 2147483647;
			files = (
			);
			inputFileListPaths = (
			);
			inputPaths = (
				"${PODS_PODFILE_DIR_PATH}/Podfile.lock",
				"${PODS_ROOT}/Manifest.lock",
			);
			name = "[CP] Check Pods Manifest.lock";
			outputFileListPaths = (
			);
			outputPaths = (
				"$(DERIVED_FILE_DIR)/Pods-Map-Place-App-checkManifestLockResult.txt",
			);
			runOnlyForDeploymentPostprocessing = 0;
			shellPath = /bin/sh;
			shellScript = "diff \"${PODS_PODFILE_DIR_PATH}/Podfile.lock\" \"${PODS_ROOT}/Manifest.lock\" > /dev/null\nif [ $? != 0 ] ; then\n    # print error to STDERR\n    echo \"error: The sandbox is not in sync with the Podfile.lock. Run 'pod install' or update your CocoaPods installation.\" >&2\n    exit 1\nfi\n# This output is used by Xcode 'outputs' to avoid re-running this script phase.\necho \"SUCCESS\" > \"${SCRIPT_OUTPUT_FILE_0}\"\n";
			showEnvVarsInLog = 0;
		};
		F1A4CCA9708CFB19286643BE /* [CP] Copy Pods Resources */ = {
			isa = PBXShellScriptBuildPhase;
			buildActionMask = 2147483647;
			files = (
			);
			inputFileListPaths = (
				"${PODS_ROOT}/Target Support Files/Pods-Map-Place-App/Pods-Map-Place-App-resources-${CONFIGURATION}-input-files.xcfilelist",
			);
			name = "[CP] Copy Pods Resources";
			outputFileListPaths = (
				"${PODS_ROOT}/Target Support Files/Pods-Map-Place-App/Pods-Map-Place-App-resources-${CONFIGURATION}-output-files.xcfilelist",
			);
			runOnlyForDeploymentPostprocessing = 0;
			shellPath = /bin/sh;
			shellScript = "\"${PODS_ROOT}/Target Support Files/Pods-Map-Place-App/Pods-Map-Place-App-resources.sh\"\n";
			showEnvVarsInLog = 0;
		};
/* End PBXShellScriptBuildPhase section */

/* Begin PBXSourcesBuildPhase section */
		A53845FC2BEB8BEC008C224E /* Sources */ = {
			isa = PBXSourcesBuildPhase;
			buildActionMask = 2147483647;
			files = (
				A5C0EC692BED0A490081C0C9 /* GooglePlaceManager.swift in Sources */,
				A5F61C7B2BFE855500E134C3 /* DirectionAPIModel.swift in Sources */,
				A538462E2BEB90AB008C224E /* PlaceListDetailViewController.swift in Sources */,
				CDCF421C2BF235F80091FC53 /* PlaceCell.swift in Sources */,
				A5C0EC632BED094E0081C0C9 /* LocationSelectionView.swift in Sources */,
				CD3699A42BECCDB700AC17D8 /* SearchViewController.swift in Sources */,
				815B61812BF23A4B00FC8BF8 /* PlaceDetailViewController.swift in Sources */,
				CD3699962BECCB2C00AC17D8 /* ApiManager.swift in Sources */,
				CD3699A02BECCB9E00AC17D8 /* SearchTableViewCell.swift in Sources */,
				CD3699942BECCB2800AC17D8 /* CoreLocationManager.swift in Sources */,
				A52BF8C52C0127D600A0A7B5 /* API_Key.swift in Sources */,
				A5C0EC6E2BED0ABA0081C0C9 /* Filter.swift in Sources */,
				A5C0EC652BED09930081C0C9 /* CatagoryView.swift in Sources */,
				CDA12DF52BFF5A09007BAB1D /* SearchPlaceModel.swift in Sources */,
				A5C0EC6C2BED0A900081C0C9 /* Place.swift in Sources */,
				A5C0EC772BED0CAC0081C0C9 /* MapViewModel.swift in Sources */,
				A5C0EC702BED0BCA0081C0C9 /* PlaceListViewModel.swift in Sources */,
				A53846082BEB8BEC008C224E /* ViewController.swift in Sources */,
				CD3699A62BECCE6300AC17D8 /* MapViewController.swift in Sources */,
				A538462C2BEB904C008C224E /* PlaceListViewController.swift in Sources */,
				A53846042BEB8BEC008C224E /* AppDelegate.swift in Sources */,
				A53846062BEB8BEC008C224E /* SceneDelegate.swift in Sources */,
				A53846282BEB8FEF008C224E /* LocationSelectionViewController.swift in Sources */,
				A5C0EC672BED09BD0081C0C9 /* CheckBox.swift in Sources */,
			);
			runOnlyForDeploymentPostprocessing = 0;
		};
/* End PBXSourcesBuildPhase section */

/* Begin PBXVariantGroup section */
		A538460E2BEB8BEE008C224E /* LaunchScreen.storyboard */ = {
			isa = PBXVariantGroup;
			children = (
				A538460F2BEB8BEE008C224E /* Base */,
			);
			name = LaunchScreen.storyboard;
			sourceTree = "<group>";
		};
/* End PBXVariantGroup section */

/* Begin XCBuildConfiguration section */
		A53846122BEB8BEE008C224E /* Debug */ = {
			isa = XCBuildConfiguration;
			buildSettings = {
				ALWAYS_SEARCH_USER_PATHS = NO;
				ASSETCATALOG_COMPILER_GENERATE_SWIFT_ASSET_SYMBOL_EXTENSIONS = YES;
				CLANG_ANALYZER_NONNULL = YES;
				CLANG_ANALYZER_NUMBER_OBJECT_CONVERSION = YES_AGGRESSIVE;
				CLANG_CXX_LANGUAGE_STANDARD = "gnu++20";
				CLANG_ENABLE_MODULES = YES;
				CLANG_ENABLE_OBJC_ARC = YES;
				CLANG_ENABLE_OBJC_WEAK = YES;
				CLANG_WARN_BLOCK_CAPTURE_AUTORELEASING = YES;
				CLANG_WARN_BOOL_CONVERSION = YES;
				CLANG_WARN_COMMA = YES;
				CLANG_WARN_CONSTANT_CONVERSION = YES;
				CLANG_WARN_DEPRECATED_OBJC_IMPLEMENTATIONS = YES;
				CLANG_WARN_DIRECT_OBJC_ISA_USAGE = YES_ERROR;
				CLANG_WARN_DOCUMENTATION_COMMENTS = YES;
				CLANG_WARN_EMPTY_BODY = YES;
				CLANG_WARN_ENUM_CONVERSION = YES;
				CLANG_WARN_INFINITE_RECURSION = YES;
				CLANG_WARN_INT_CONVERSION = YES;
				CLANG_WARN_NON_LITERAL_NULL_CONVERSION = YES;
				CLANG_WARN_OBJC_IMPLICIT_RETAIN_SELF = YES;
				CLANG_WARN_OBJC_LITERAL_CONVERSION = YES;
				CLANG_WARN_OBJC_ROOT_CLASS = YES_ERROR;
				CLANG_WARN_QUOTED_INCLUDE_IN_FRAMEWORK_HEADER = YES;
				CLANG_WARN_RANGE_LOOP_ANALYSIS = YES;
				CLANG_WARN_STRICT_PROTOTYPES = YES;
				CLANG_WARN_SUSPICIOUS_MOVE = YES;
				CLANG_WARN_UNGUARDED_AVAILABILITY = YES_AGGRESSIVE;
				CLANG_WARN_UNREACHABLE_CODE = YES;
				CLANG_WARN__DUPLICATE_METHOD_MATCH = YES;
				COPY_PHASE_STRIP = NO;
				DEBUG_INFORMATION_FORMAT = dwarf;
				ENABLE_STRICT_OBJC_MSGSEND = YES;
				ENABLE_TESTABILITY = YES;
				ENABLE_USER_SCRIPT_SANDBOXING = YES;
				GCC_C_LANGUAGE_STANDARD = gnu17;
				GCC_DYNAMIC_NO_PIC = NO;
				GCC_NO_COMMON_BLOCKS = YES;
				GCC_OPTIMIZATION_LEVEL = 0;
				GCC_PREPROCESSOR_DEFINITIONS = (
					"DEBUG=1",
					"$(inherited)",
				);
				GCC_WARN_64_TO_32_BIT_CONVERSION = YES;
				GCC_WARN_ABOUT_RETURN_TYPE = YES_ERROR;
				GCC_WARN_UNDECLARED_SELECTOR = YES;
				GCC_WARN_UNINITIALIZED_AUTOS = YES_AGGRESSIVE;
				GCC_WARN_UNUSED_FUNCTION = YES;
				GCC_WARN_UNUSED_VARIABLE = YES;
				IPHONEOS_DEPLOYMENT_TARGET = 15.0;
				LOCALIZATION_PREFERS_STRING_CATALOGS = YES;
				MTL_ENABLE_DEBUG_INFO = INCLUDE_SOURCE;
				MTL_FAST_MATH = YES;
				ONLY_ACTIVE_ARCH = YES;
				SDKROOT = iphoneos;
				SWIFT_ACTIVE_COMPILATION_CONDITIONS = "DEBUG $(inherited)";
				SWIFT_OPTIMIZATION_LEVEL = "-Onone";
			};
			name = Debug;
		};
		A53846132BEB8BEE008C224E /* Release */ = {
			isa = XCBuildConfiguration;
			buildSettings = {
				ALWAYS_SEARCH_USER_PATHS = NO;
				ASSETCATALOG_COMPILER_GENERATE_SWIFT_ASSET_SYMBOL_EXTENSIONS = YES;
				CLANG_ANALYZER_NONNULL = YES;
				CLANG_ANALYZER_NUMBER_OBJECT_CONVERSION = YES_AGGRESSIVE;
				CLANG_CXX_LANGUAGE_STANDARD = "gnu++20";
				CLANG_ENABLE_MODULES = YES;
				CLANG_ENABLE_OBJC_ARC = YES;
				CLANG_ENABLE_OBJC_WEAK = YES;
				CLANG_WARN_BLOCK_CAPTURE_AUTORELEASING = YES;
				CLANG_WARN_BOOL_CONVERSION = YES;
				CLANG_WARN_COMMA = YES;
				CLANG_WARN_CONSTANT_CONVERSION = YES;
				CLANG_WARN_DEPRECATED_OBJC_IMPLEMENTATIONS = YES;
				CLANG_WARN_DIRECT_OBJC_ISA_USAGE = YES_ERROR;
				CLANG_WARN_DOCUMENTATION_COMMENTS = YES;
				CLANG_WARN_EMPTY_BODY = YES;
				CLANG_WARN_ENUM_CONVERSION = YES;
				CLANG_WARN_INFINITE_RECURSION = YES;
				CLANG_WARN_INT_CONVERSION = YES;
				CLANG_WARN_NON_LITERAL_NULL_CONVERSION = YES;
				CLANG_WARN_OBJC_IMPLICIT_RETAIN_SELF = YES;
				CLANG_WARN_OBJC_LITERAL_CONVERSION = YES;
				CLANG_WARN_OBJC_ROOT_CLASS = YES_ERROR;
				CLANG_WARN_QUOTED_INCLUDE_IN_FRAMEWORK_HEADER = YES;
				CLANG_WARN_RANGE_LOOP_ANALYSIS = YES;
				CLANG_WARN_STRICT_PROTOTYPES = YES;
				CLANG_WARN_SUSPICIOUS_MOVE = YES;
				CLANG_WARN_UNGUARDED_AVAILABILITY = YES_AGGRESSIVE;
				CLANG_WARN_UNREACHABLE_CODE = YES;
				CLANG_WARN__DUPLICATE_METHOD_MATCH = YES;
				COPY_PHASE_STRIP = NO;
				DEBUG_INFORMATION_FORMAT = "dwarf-with-dsym";
				ENABLE_NS_ASSERTIONS = NO;
				ENABLE_STRICT_OBJC_MSGSEND = YES;
				ENABLE_USER_SCRIPT_SANDBOXING = YES;
				GCC_C_LANGUAGE_STANDARD = gnu17;
				GCC_NO_COMMON_BLOCKS = YES;
				GCC_WARN_64_TO_32_BIT_CONVERSION = YES;
				GCC_WARN_ABOUT_RETURN_TYPE = YES_ERROR;
				GCC_WARN_UNDECLARED_SELECTOR = YES;
				GCC_WARN_UNINITIALIZED_AUTOS = YES_AGGRESSIVE;
				GCC_WARN_UNUSED_FUNCTION = YES;
				GCC_WARN_UNUSED_VARIABLE = YES;
				IPHONEOS_DEPLOYMENT_TARGET = 15.0;
				LOCALIZATION_PREFERS_STRING_CATALOGS = YES;
				MTL_ENABLE_DEBUG_INFO = NO;
				MTL_FAST_MATH = YES;
				SDKROOT = iphoneos;
				SWIFT_COMPILATION_MODE = wholemodule;
				VALIDATE_PRODUCT = YES;
			};
			name = Release;
		};
		A53846152BEB8BEE008C224E /* Debug */ = {
			isa = XCBuildConfiguration;
			baseConfigurationReference = 479065336702A5B8638EA599 /* Pods-Map-Place-App.debug.xcconfig */;
			buildSettings = {
				ASSETCATALOG_COMPILER_APPICON_NAME = AppIcon;
				ASSETCATALOG_COMPILER_GLOBAL_ACCENT_COLOR_NAME = AccentColor;
				CODE_SIGN_STYLE = Automatic;
				CURRENT_PROJECT_VERSION = 1;
				DEVELOPMENT_TEAM = 24499S849C;
				ENABLE_USER_SCRIPT_SANDBOXING = NO;
				EXCLUDED_ARCHS = "";
				"EXCLUDED_ARCHS[sdk=*]" = arm64;
				GENERATE_INFOPLIST_FILE = YES;
				INFOPLIST_FILE = "Map-Place-App/Info.plist";
				INFOPLIST_KEY_NSLocationAlwaysAndWhenInUseUsageDescription = "We need access your location";
				INFOPLIST_KEY_NSLocationAlwaysUsageDescription = "We need access your location";
				INFOPLIST_KEY_NSLocationWhenInUseUsageDescription = "We need access your location";
				INFOPLIST_KEY_UIApplicationSupportsIndirectInputEvents = YES;
				INFOPLIST_KEY_UILaunchStoryboardName = LaunchScreen;
				INFOPLIST_KEY_UIMainStoryboardFile = Main;
				INFOPLIST_KEY_UISupportedInterfaceOrientations_iPad = "UIInterfaceOrientationPortrait UIInterfaceOrientationPortraitUpsideDown UIInterfaceOrientationLandscapeLeft UIInterfaceOrientationLandscapeRight";
				INFOPLIST_KEY_UISupportedInterfaceOrientations_iPhone = "UIInterfaceOrientationPortrait UIInterfaceOrientationLandscapeLeft UIInterfaceOrientationLandscapeRight";
				IPHONEOS_DEPLOYMENT_TARGET = 15.0;
				LD_RUNPATH_SEARCH_PATHS = (
					"$(inherited)",
					"@executable_path/Frameworks",
				);
				MARKETING_VERSION = 1.0;
				PRODUCT_BUNDLE_IDENTIFIER = "com.teyfikyilmaz.Map-Place-App";
				PRODUCT_NAME = "$(TARGET_NAME)";
				SWIFT_EMIT_LOC_STRINGS = YES;
				SWIFT_VERSION = 5.0;
				TARGETED_DEVICE_FAMILY = "1,2";
			};
			name = Debug;
		};
		A53846162BEB8BEE008C224E /* Release */ = {
			isa = XCBuildConfiguration;
			baseConfigurationReference = 1DA49D28BC30D36D983D076E /* Pods-Map-Place-App.release.xcconfig */;
			buildSettings = {
				ASSETCATALOG_COMPILER_APPICON_NAME = AppIcon;
				ASSETCATALOG_COMPILER_GLOBAL_ACCENT_COLOR_NAME = AccentColor;
				CODE_SIGN_STYLE = Automatic;
				CURRENT_PROJECT_VERSION = 1;
				DEVELOPMENT_TEAM = 24499S849C;
				ENABLE_USER_SCRIPT_SANDBOXING = NO;
				EXCLUDED_ARCHS = arm64;
				GENERATE_INFOPLIST_FILE = YES;
				INFOPLIST_FILE = "Map-Place-App/Info.plist";
				INFOPLIST_KEY_NSLocationAlwaysAndWhenInUseUsageDescription = "We need access your location";
				INFOPLIST_KEY_NSLocationAlwaysUsageDescription = "We need access your location";
				INFOPLIST_KEY_NSLocationWhenInUseUsageDescription = "We need access your location";
				INFOPLIST_KEY_UIApplicationSupportsIndirectInputEvents = YES;
				INFOPLIST_KEY_UILaunchStoryboardName = LaunchScreen;
				INFOPLIST_KEY_UIMainStoryboardFile = Main;
				INFOPLIST_KEY_UISupportedInterfaceOrientations_iPad = "UIInterfaceOrientationPortrait UIInterfaceOrientationPortraitUpsideDown UIInterfaceOrientationLandscapeLeft UIInterfaceOrientationLandscapeRight";
				INFOPLIST_KEY_UISupportedInterfaceOrientations_iPhone = "UIInterfaceOrientationPortrait UIInterfaceOrientationLandscapeLeft UIInterfaceOrientationLandscapeRight";
				IPHONEOS_DEPLOYMENT_TARGET = 15.0;
				LD_RUNPATH_SEARCH_PATHS = (
					"$(inherited)",
					"@executable_path/Frameworks",
				);
				MARKETING_VERSION = 1.0;
				PRODUCT_BUNDLE_IDENTIFIER = "com.teyfikyilmaz.Map-Place-App";
				PRODUCT_NAME = "$(TARGET_NAME)";
				SWIFT_EMIT_LOC_STRINGS = YES;
				SWIFT_VERSION = 5.0;
				TARGETED_DEVICE_FAMILY = "1,2";
			};
			name = Release;
		};
/* End XCBuildConfiguration section */

/* Begin XCConfigurationList section */
		A53845FB2BEB8BEC008C224E /* Build configuration list for PBXProject "Map-Place-App" */ = {
			isa = XCConfigurationList;
			buildConfigurations = (
				A53846122BEB8BEE008C224E /* Debug */,
				A53846132BEB8BEE008C224E /* Release */,
			);
			defaultConfigurationIsVisible = 0;
			defaultConfigurationName = Release;
		};
		A53846142BEB8BEE008C224E /* Build configuration list for PBXNativeTarget "Map-Place-App" */ = {
			isa = XCConfigurationList;
			buildConfigurations = (
				A53846152BEB8BEE008C224E /* Debug */,
				A53846162BEB8BEE008C224E /* Release */,
			);
			defaultConfigurationIsVisible = 0;
			defaultConfigurationName = Release;
		};
/* End XCConfigurationList section */

/* Begin XCRemoteSwiftPackageReference section */
		CDD416AC2BFE0811000CD6B0 /* XCRemoteSwiftPackageReference "Kingfisher" */ = {
			isa = XCRemoteSwiftPackageReference;
			repositoryURL = "https://github.com/onevcat/Kingfisher.git";
			requirement = {
				kind = upToNextMajorVersion;
				minimumVersion = 7.11.0;
			};
		};
/* End XCRemoteSwiftPackageReference section */
	};
	rootObject = A53845F82BEB8BEC008C224E /* Project object */;
}
