// !$*UTF8*$!
{
	archiveVersion = 1;
	classes = {
	};
	objectVersion = 56;
	objects = {

/* Begin PBXBuildFile section */
		A53846042BEB8BEC008C224E /* AppDelegate.swift in Sources */ = {isa = PBXBuildFile; fileRef = A53846032BEB8BEC008C224E /* AppDelegate.swift */; };
		A53846062BEB8BEC008C224E /* SceneDelegate.swift in Sources */ = {isa = PBXBuildFile; fileRef = A53846052BEB8BEC008C224E /* SceneDelegate.swift */; };
		A53846082BEB8BEC008C224E /* ViewController.swift in Sources */ = {isa = PBXBuildFile; fileRef = A53846072BEB8BEC008C224E /* ViewController.swift */; };
		A538460B2BEB8BEC008C224E /* Base in Resources */ = {isa = PBXBuildFile; fileRef = A538460A2BEB8BEC008C224E /* Base */; };
		A538460D2BEB8BEE008C224E /* Assets.xcassets in Resources */ = {isa = PBXBuildFile; fileRef = A538460C2BEB8BEE008C224E /* Assets.xcassets */; };
		A53846102BEB8BEE008C224E /* Base in Resources */ = {isa = PBXBuildFile; fileRef = A538460F2BEB8BEE008C224E /* Base */; };
/* End PBXBuildFile section */

/* Begin PBXFileReference section */
		A53846002BEB8BEC008C224E /* Map-Place-App.app */ = {isa = PBXFileReference; explicitFileType = wrapper.application; includeInIndex = 0; path = "Map-Place-App.app"; sourceTree = BUILT_PRODUCTS_DIR; };
		A53846032BEB8BEC008C224E /* AppDelegate.swift */ = {isa = PBXFileReference; lastKnownFileType = sourcecode.swift; path = AppDelegate.swift; sourceTree = "<group>"; };
		A53846052BEB8BEC008C224E /* SceneDelegate.swift */ = {isa = PBXFileReference; lastKnownFileType = sourcecode.swift; path = SceneDelegate.swift; sourceTree = "<group>"; };
		A53846072BEB8BEC008C224E /* ViewController.swift */ = {isa = PBXFileReference; lastKnownFileType = sourcecode.swift; path = ViewController.swift; sourceTree = "<group>"; };
		A538460A2BEB8BEC008C224E /* Base */ = {isa = PBXFileReference; lastKnownFileType = file.storyboard; name = Base; path = Base.lproj/Main.storyboard; sourceTree = "<group>"; };
		A538460C2BEB8BEE008C224E /* Assets.xcassets */ = {isa = PBXFileReference; lastKnownFileType = folder.assetcatalog; path = Assets.xcassets; sourceTree = "<group>"; };
		A538460F2BEB8BEE008C224E /* Base */ = {isa = PBXFileReference; lastKnownFileType = file.storyboard; name = Base; path = Base.lproj/LaunchScreen.storyboard; sourceTree = "<group>"; };
		A53846112BEB8BEE008C224E /* Info.plist */ = {isa = PBXFileReference; lastKnownFileType = text.plist.xml; path = Info.plist; sourceTree = "<group>"; };
/* End PBXFileReference section */

/* Begin PBXFrameworksBuildPhase section */
		A53845FD2BEB8BEC008C224E /* Frameworks */ = {
			isa = PBXFrameworksBuildPhase;
			buildActionMask = 2147483647;
			files = (
			);
			runOnlyForDeploymentPostprocessing = 0;
		};
/* End PBXFrameworksBuildPhase section */

/* Begin PBXGroup section */
		A53845F72BEB8BEC008C224E = {
			isa = PBXGroup;
			children = (
				A53846022BEB8BEC008C224E /* Map-Place-App */,
				A53846012BEB8BEC008C224E /* Products */,
			);
			sourceTree = "<group>";
		};
		A53846012BEB8BEC008C224E /* Products */ = {
			isa = PBXGroup;
			children = (
				A53846002BEB8BEC008C224E /* Map-Place-App.app */,
			);
			name = Products;
			sourceTree = "<group>";
		};
		A53846022BEB8BEC008C224E /* Map-Place-App */ = {
			isa = PBXGroup;
			children = (
				A53846182BEB8C1C008C224E /* Controller */,
				A53846172BEB8C03008C224E /* Support */,
			);
			path = "Map-Place-App";
			sourceTree = "<group>";
		};
		A53846172BEB8C03008C224E /* Support */ = {
			isa = PBXGroup;
			children = (
				A538460C2BEB8BEE008C224E /* Assets.xcassets */,
				A538460E2BEB8BEE008C224E /* LaunchScreen.storyboard */,
				A53846112BEB8BEE008C224E /* Info.plist */,
			);
			name = Support;
			sourceTree = "<group>";
		};
		A53846182BEB8C1C008C224E /* Controller */ = {
			isa = PBXGroup;
			children = (
				A538461E2BEB8C82008C224E /* Delegate */,
				A538461D2BEB8C5C008C224E /* Manager */,
				A538461C2BEB8C55008C224E /* Model */,
				A538461B2BEB8C47008C224E /* View */,
				A53846192BEB8C35008C224E /* Controller */,
			);
			name = Controller;
			sourceTree = "<group>";
		};
		A53846192BEB8C35008C224E /* Controller */ = {
			isa = PBXGroup;
			children = (
				A53846222BEB8CD1008C224E /* LocationSelectionView */,
				A53846212BEB8CC7008C224E /* PlaceView */,
				A53846202BEB8CC0008C224E /* SearchView */,
				A538461F2BEB8CA4008C224E /* MapView */,
				A53846072BEB8BEC008C224E /* ViewController.swift */,
			);
			path = Controller;
			sourceTree = "<group>";
		};
		A538461B2BEB8C47008C224E /* View */ = {
			isa = PBXGroup;
			children = (
				A53846092BEB8BEC008C224E /* Main.storyboard */,
			);
			path = View;
			sourceTree = "<group>";
		};
		A538461C2BEB8C55008C224E /* Model */ = {
			isa = PBXGroup;
			children = (
			);
			path = Model;
			sourceTree = "<group>";
		};
		A538461D2BEB8C5C008C224E /* Manager */ = {
			isa = PBXGroup;
			children = (
			);
			path = Manager;
			sourceTree = "<group>";
		};
		A538461E2BEB8C82008C224E /* Delegate */ = {
			isa = PBXGroup;
			children = (
				A53846052BEB8BEC008C224E /* SceneDelegate.swift */,
				A53846032BEB8BEC008C224E /* AppDelegate.swift */,
			);
			path = Delegate;
			sourceTree = "<group>";
		};
		A538461F2BEB8CA4008C224E /* MapView */ = {
			isa = PBXGroup;
			children = (
			);
			path = MapView;
			sourceTree = "<group>";
		};
		A53846202BEB8CC0008C224E /* SearchView */ = {
			isa = PBXGroup;
			children = (
			);
			path = SearchView;
			sourceTree = "<group>";
		};
		A53846212BEB8CC7008C224E /* PlaceView */ = {
			isa = PBXGroup;
			children = (
			);
			path = PlaceView;
			sourceTree = "<group>";
		};
		A53846222BEB8CD1008C224E /* LocationSelectionView */ = {
			isa = PBXGroup;
			children = (
			);
			path = LocationSelectionView;
			sourceTree = "<group>";
		};
/* End PBXGroup section */

/* Begin PBXNativeTarget section */
		A53845FF2BEB8BEC008C224E /* Map-Place-App */ = {
			isa = PBXNativeTarget;
			buildConfigurationList = A53846142BEB8BEE008C224E /* Build configuration list for PBXNativeTarget "Map-Place-App" */;
			buildPhases = (
				A53845FC2BEB8BEC008C224E /* Sources */,
				A53845FD2BEB8BEC008C224E /* Frameworks */,
				A53845FE2BEB8BEC008C224E /* Resources */,
			);
			buildRules = (
			);
			dependencies = (
			);
			name = "Map-Place-App";
			productName = "Map-Place-App";
			productReference = A53846002BEB8BEC008C224E /* Map-Place-App.app */;
			productType = "com.apple.product-type.application";
		};
/* End PBXNativeTarget section */

/* Begin PBXProject section */
		A53845F82BEB8BEC008C224E /* Project object */ = {
			isa = PBXProject;
			attributes = {
				BuildIndependentTargetsInParallel = 1;
				LastSwiftUpdateCheck = 1530;
				LastUpgradeCheck = 1530;
				TargetAttributes = {
					A53845FF2BEB8BEC008C224E = {
						CreatedOnToolsVersion = 15.3;
					};
				};
			};
			buildConfigurationList = A53845FB2BEB8BEC008C224E /* Build configuration list for PBXProject "Map-Place-App" */;
			compatibilityVersion = "Xcode 14.0";
			developmentRegion = en;
			hasScannedForEncodings = 0;
			knownRegions = (
				en,
				Base,
			);
			mainGroup = A53845F72BEB8BEC008C224E;
			productRefGroup = A53846012BEB8BEC008C224E /* Products */;
			projectDirPath = "";
			projectRoot = "";
			targets = (
				A53845FF2BEB8BEC008C224E /* Map-Place-App */,
			);
		};
/* End PBXProject section */

/* Begin PBXResourcesBuildPhase section */
		A53845FE2BEB8BEC008C224E /* Resources */ = {
			isa = PBXResourcesBuildPhase;
			buildActionMask = 2147483647;
			files = (
				A538460D2BEB8BEE008C224E /* Assets.xcassets in Resources */,
				A53846102BEB8BEE008C224E /* Base in Resources */,
				A538460B2BEB8BEC008C224E /* Base in Resources */,
			);
			runOnlyForDeploymentPostprocessing = 0;
		};
/* End PBXResourcesBuildPhase section */

/* Begin PBXSourcesBuildPhase section */
		A53845FC2BEB8BEC008C224E /* Sources */ = {
			isa = PBXSourcesBuildPhase;
			buildActionMask = 2147483647;
			files = (
				A53846082BEB8BEC008C224E /* ViewController.swift in Sources */,
				A53846042BEB8BEC008C224E /* AppDelegate.swift in Sources */,
				A53846062BEB8BEC008C224E /* SceneDelegate.swift in Sources */,
			);
			runOnlyForDeploymentPostprocessing = 0;
		};
/* End PBXSourcesBuildPhase section */

/* Begin PBXVariantGroup section */
		A53846092BEB8BEC008C224E /* Main.storyboard */ = {
			isa = PBXVariantGroup;
			children = (
				A538460A2BEB8BEC008C224E /* Base */,
			);
			name = Main.storyboard;
			sourceTree = "<group>";
		};
		A538460E2BEB8BEE008C224E /* LaunchScreen.storyboard */ = {
			isa = PBXVariantGroup;
			children = (
				A538460F2BEB8BEE008C224E /* Base */,
			);
			name = LaunchScreen.storyboard;
			sourceTree = "<group>";
		};
/* End PBXVariantGroup section */

/* Begin XCBuildConfiguration section */
		A53846122BEB8BEE008C224E /* Debug */ = {
			isa = XCBuildConfiguration;
			buildSettings = {
				ALWAYS_SEARCH_USER_PATHS = NO;
				ASSETCATALOG_COMPILER_GENERATE_SWIFT_ASSET_SYMBOL_EXTENSIONS = YES;
				CLANG_ANALYZER_NONNULL = YES;
				CLANG_ANALYZER_NUMBER_OBJECT_CONVERSION = YES_AGGRESSIVE;
				CLANG_CXX_LANGUAGE_STANDARD = "gnu++20";
				CLANG_ENABLE_MODULES = YES;
				CLANG_ENABLE_OBJC_ARC = YES;
				CLANG_ENABLE_OBJC_WEAK = YES;
				CLANG_WARN_BLOCK_CAPTURE_AUTORELEASING = YES;
				CLANG_WARN_BOOL_CONVERSION = YES;
				CLANG_WARN_COMMA = YES;
				CLANG_WARN_CONSTANT_CONVERSION = YES;
				CLANG_WARN_DEPRECATED_OBJC_IMPLEMENTATIONS = YES;
				CLANG_WARN_DIRECT_OBJC_ISA_USAGE = YES_ERROR;
				CLANG_WARN_DOCUMENTATION_COMMENTS = YES;
				CLANG_WARN_EMPTY_BODY = YES;
				CLANG_WARN_ENUM_CONVERSION = YES;
				CLANG_WARN_INFINITE_RECURSION = YES;
				CLANG_WARN_INT_CONVERSION = YES;
				CLANG_WARN_NON_LITERAL_NULL_CONVERSION = YES;
				CLANG_WARN_OBJC_IMPLICIT_RETAIN_SELF = YES;
				CLANG_WARN_OBJC_LITERAL_CONVERSION = YES;
				CLANG_WARN_OBJC_ROOT_CLASS = YES_ERROR;
				CLANG_WARN_QUOTED_INCLUDE_IN_FRAMEWORK_HEADER = YES;
				CLANG_WARN_RANGE_LOOP_ANALYSIS = YES;
				CLANG_WARN_STRICT_PROTOTYPES = YES;
				CLANG_WARN_SUSPICIOUS_MOVE = YES;
				CLANG_WARN_UNGUARDED_AVAILABILITY = YES_AGGRESSIVE;
				CLANG_WARN_UNREACHABLE_CODE = YES;
				CLANG_WARN__DUPLICATE_METHOD_MATCH = YES;
				COPY_PHASE_STRIP = NO;
				DEBUG_INFORMATION_FORMAT = dwarf;
				ENABLE_STRICT_OBJC_MSGSEND = YES;
				ENABLE_TESTABILITY = YES;
				ENABLE_USER_SCRIPT_SANDBOXING = YES;
				GCC_C_LANGUAGE_STANDARD = gnu17;
				GCC_DYNAMIC_NO_PIC = NO;
				GCC_NO_COMMON_BLOCKS = YES;
				GCC_OPTIMIZATION_LEVEL = 0;
				GCC_PREPROCESSOR_DEFINITIONS = (
					"DEBUG=1",
					"$(inherited)",
				);
				GCC_WARN_64_TO_32_BIT_CONVERSION = YES;
				GCC_WARN_ABOUT_RETURN_TYPE = YES_ERROR;
				GCC_WARN_UNDECLARED_SELECTOR = YES;
				GCC_WARN_UNINITIALIZED_AUTOS = YES_AGGRESSIVE;
				GCC_WARN_UNUSED_FUNCTION = YES;
				GCC_WARN_UNUSED_VARIABLE = YES;
				IPHONEOS_DEPLOYMENT_TARGET = 17.4;
				LOCALIZATION_PREFERS_STRING_CATALOGS = YES;
				MTL_ENABLE_DEBUG_INFO = INCLUDE_SOURCE;
				MTL_FAST_MATH = YES;
				ONLY_ACTIVE_ARCH = YES;
				SDKROOT = iphoneos;
				SWIFT_ACTIVE_COMPILATION_CONDITIONS = "DEBUG $(inherited)";
				SWIFT_OPTIMIZATION_LEVEL = "-Onone";
			};
			name = Debug;
		};
		A53846132BEB8BEE008C224E /* Release */ = {
			isa = XCBuildConfiguration;
			buildSettings = {
				ALWAYS_SEARCH_USER_PATHS = NO;
				ASSETCATALOG_COMPILER_GENERATE_SWIFT_ASSET_SYMBOL_EXTENSIONS = YES;
				CLANG_ANALYZER_NONNULL = YES;
				CLANG_ANALYZER_NUMBER_OBJECT_CONVERSION = YES_AGGRESSIVE;
				CLANG_CXX_LANGUAGE_STANDARD = "gnu++20";
				CLANG_ENABLE_MODULES = YES;
				CLANG_ENABLE_OBJC_ARC = YES;
				CLANG_ENABLE_OBJC_WEAK = YES;
				CLANG_WARN_BLOCK_CAPTURE_AUTORELEASING = YES;
				CLANG_WARN_BOOL_CONVERSION = YES;
				CLANG_WARN_COMMA = YES;
				CLANG_WARN_CONSTANT_CONVERSION = YES;
				CLANG_WARN_DEPRECATED_OBJC_IMPLEMENTATIONS = YES;
				CLANG_WARN_DIRECT_OBJC_ISA_USAGE = YES_ERROR;
				CLANG_WARN_DOCUMENTATION_COMMENTS = YES;
				CLANG_WARN_EMPTY_BODY = YES;
				CLANG_WARN_ENUM_CONVERSION = YES;
				CLANG_WARN_INFINITE_RECURSION = YES;
				CLANG_WARN_INT_CONVERSION = YES;
				CLANG_WARN_NON_LITERAL_NULL_CONVERSION = YES;
				CLANG_WARN_OBJC_IMPLICIT_RETAIN_SELF = YES;
				CLANG_WARN_OBJC_LITERAL_CONVERSION = YES;
				CLANG_WARN_OBJC_ROOT_CLASS = YES_ERROR;
				CLANG_WARN_QUOTED_INCLUDE_IN_FRAMEWORK_HEADER = YES;
				CLANG_WARN_RANGE_LOOP_ANALYSIS = YES;
				CLANG_WARN_STRICT_PROTOTYPES = YES;
				CLANG_WARN_SUSPICIOUS_MOVE = YES;
				CLANG_WARN_UNGUARDED_AVAILABILITY = YES_AGGRESSIVE;
				CLANG_WARN_UNREACHABLE_CODE = YES;
				CLANG_WARN__DUPLICATE_METHOD_MATCH = YES;
				COPY_PHASE_STRIP = NO;
				DEBUG_INFORMATION_FORMAT = "dwarf-with-dsym";
				ENABLE_NS_ASSERTIONS = NO;
				ENABLE_STRICT_OBJC_MSGSEND = YES;
				ENABLE_USER_SCRIPT_SANDBOXING = YES;
				GCC_C_LANGUAGE_STANDARD = gnu17;
				GCC_NO_COMMON_BLOCKS = YES;
				GCC_WARN_64_TO_32_BIT_CONVERSION = YES;
				GCC_WARN_ABOUT_RETURN_TYPE = YES_ERROR;
				GCC_WARN_UNDECLARED_SELECTOR = YES;
				GCC_WARN_UNINITIALIZED_AUTOS = YES_AGGRESSIVE;
				GCC_WARN_UNUSED_FUNCTION = YES;
				GCC_WARN_UNUSED_VARIABLE = YES;
				IPHONEOS_DEPLOYMENT_TARGET = 17.4;
				LOCALIZATION_PREFERS_STRING_CATALOGS = YES;
				MTL_ENABLE_DEBUG_INFO = NO;
				MTL_FAST_MATH = YES;
				SDKROOT = iphoneos;
				SWIFT_COMPILATION_MODE = wholemodule;
				VALIDATE_PRODUCT = YES;
			};
			name = Release;
		};
		A53846152BEB8BEE008C224E /* Debug */ = {
			isa = XCBuildConfiguration;
			buildSettings = {
				ASSETCATALOG_COMPILER_APPICON_NAME = AppIcon;
				ASSETCATALOG_COMPILER_GLOBAL_ACCENT_COLOR_NAME = AccentColor;
				CODE_SIGN_STYLE = Automatic;
				CURRENT_PROJECT_VERSION = 1;
				DEVELOPMENT_TEAM = 24499S849C;
				GENERATE_INFOPLIST_FILE = YES;
				INFOPLIST_FILE = "Map-Place-App/Info.plist";
				INFOPLIST_KEY_UIApplicationSupportsIndirectInputEvents = YES;
				INFOPLIST_KEY_UILaunchStoryboardName = LaunchScreen;
				INFOPLIST_KEY_UIMainStoryboardFile = Main;
				INFOPLIST_KEY_UISupportedInterfaceOrientations_iPad = "UIInterfaceOrientationPortrait UIInterfaceOrientationPortraitUpsideDown UIInterfaceOrientationLandscapeLeft UIInterfaceOrientationLandscapeRight";
				INFOPLIST_KEY_UISupportedInterfaceOrientations_iPhone = "UIInterfaceOrientationPortrait UIInterfaceOrientationLandscapeLeft UIInterfaceOrientationLandscapeRight";
				IPHONEOS_DEPLOYMENT_TARGET = 15.0;
				LD_RUNPATH_SEARCH_PATHS = (
					"$(inherited)",
					"@executable_path/Frameworks",
				);
				MARKETING_VERSION = 1.0;
				PRODUCT_BUNDLE_IDENTIFIER = "com.teyfikyilmaz.Map-Place-App";
				PRODUCT_NAME = "$(TARGET_NAME)";
				SWIFT_EMIT_LOC_STRINGS = YES;
				SWIFT_VERSION = 5.0;
				TARGETED_DEVICE_FAMILY = "1,2";
			};
			name = Debug;
		};
		A53846162BEB8BEE008C224E /* Release */ = {
			isa = XCBuildConfiguration;
			buildSettings = {
				ASSETCATALOG_COMPILER_APPICON_NAME = AppIcon;
				ASSETCATALOG_COMPILER_GLOBAL_ACCENT_COLOR_NAME = AccentColor;
				CODE_SIGN_STYLE = Automatic;
				CURRENT_PROJECT_VERSION = 1;
				DEVELOPMENT_TEAM = 24499S849C;
				GENERATE_INFOPLIST_FILE = YES;
				INFOPLIST_FILE = "Map-Place-App/Info.plist";
				INFOPLIST_KEY_UIApplicationSupportsIndirectInputEvents = YES;
				INFOPLIST_KEY_UILaunchStoryboardName = LaunchScreen;
				INFOPLIST_KEY_UIMainStoryboardFile = Main;
				INFOPLIST_KEY_UISupportedInterfaceOrientations_iPad = "UIInterfaceOrientationPortrait UIInterfaceOrientationPortraitUpsideDown UIInterfaceOrientationLandscapeLeft UIInterfaceOrientationLandscapeRight";
				INFOPLIST_KEY_UISupportedInterfaceOrientations_iPhone = "UIInterfaceOrientationPortrait UIInterfaceOrientationLandscapeLeft UIInterfaceOrientationLandscapeRight";
				IPHONEOS_DEPLOYMENT_TARGET = 15.0;
				LD_RUNPATH_SEARCH_PATHS = (
					"$(inherited)",
					"@executable_path/Frameworks",
				);
				MARKETING_VERSION = 1.0;
				PRODUCT_BUNDLE_IDENTIFIER = "com.teyfikyilmaz.Map-Place-App";
				PRODUCT_NAME = "$(TARGET_NAME)";
				SWIFT_EMIT_LOC_STRINGS = YES;
				SWIFT_VERSION = 5.0;
				TARGETED_DEVICE_FAMILY = "1,2";
			};
			name = Release;
		};
/* End XCBuildConfiguration section */

/* Begin XCConfigurationList section */
		A53845FB2BEB8BEC008C224E /* Build configuration list for PBXProject "Map-Place-App" */ = {
			isa = XCConfigurationList;
			buildConfigurations = (
				A53846122BEB8BEE008C224E /* Debug */,
				A53846132BEB8BEE008C224E /* Release */,
			);
			defaultConfigurationIsVisible = 0;
			defaultConfigurationName = Release;
		};
		A53846142BEB8BEE008C224E /* Build configuration list for PBXNativeTarget "Map-Place-App" */ = {
			isa = XCConfigurationList;
			buildConfigurations = (
				A53846152BEB8BEE008C224E /* Debug */,
				A53846162BEB8BEE008C224E /* Release */,
			);
			defaultConfigurationIsVisible = 0;
			defaultConfigurationName = Release;
		};
/* End XCConfigurationList section */
	};
	rootObject = A53845F82BEB8BEC008C224E /* Project object */;
}
